<Solution>
  <Configurations>
    <Platform Name="Any CPU" />
    <Platform Name="x64" />
    <Platform Name="x86" />
  </Configurations>
  <Folder Name="/Solution Items/">
    <File Path="../README.md" />
    <File Path=".editorconfig" />
    <File Path=".gitignore" />
    <File Path="Directory.Build.props" />
  </Folder>
  <Project Path="Janovrom.MouseModifier/Janovrom.MouseModifier.Console.csproj" Id="1f7261b4-3eac-b903-165f-5521209f6195" />
</Solution>
